{
  "name": "GameServer",
  "version": "1.0.0",
  "lockfileVersion": 1,
  "requires": true,
  "dependencies": {
    "canvaxjs": {
      "version": "0.6.0",
      "resolved": "https://registry.npmjs.org/canvaxjs/-/canvaxjs-0.6.0.tgz",
      "integrity": "sha512-r32JVfkqHfxy+o+Jn/ElALLR60zmVQptXhvDnE+nJ6e3ellz9nOHbYGpVeZfIEjhiIwNQTimVdGjwueImDMdjg=="
    },
    "eucli": {
      "version": "1.0.3",
      "resolved": "https://registry.npmjs.org/eucli/-/eucli-1.0.3.tgz",
      "integrity": "sha512-l0GDt4UnaVf749eUk6NchoVWgY+lJIIdZNWSVQ+IzvGTN+0XYLzje+qpvbSh55Jh0ieUNfWMuHd/uSWlZmexYg=="
    },
    "gar": {
      "version": "1.0.4",
      "resolved": "https://registry.npmjs.org/gar/-/gar-1.0.4.tgz",
      "integrity": "sha512-w4n9cPWyP7aHxKxYHFQMegj7WIAsL/YX/C4Bs5Rr8s1H9M1rNtRWRsw+ovYMkXDQ5S4ZbYHsHAPmevPjPgw44w=="
    },
    "protocore": {
      "version": "2.0.1",
      "resolved": "https://registry.npmjs.org/protocore/-/protocore-2.0.1.tgz",
      "integrity": "sha512-vKGWHh0wvmhtQbg58h5HqdLNSJkWzIOJkGELpYeBz9Oiq2ko1cJMNBFwjeGr0B6QzpLIn2e3OofkVLvLn5oOOA=="
    }
  }
}
